
Microsoft Visual Studio Solution File, Format Version 12.00
# Visual Studio 2013
VisualStudioVersion = 12.0.30501.0
MinimumVisualStudioVersion = 10.0.40219.1
Project("{FAE04EC0-301F-11D3-BF4B-00C04F79EFBC}") = "01.Cook", "01.Cook\01.Cook.csproj", "{66E1BB69-6381-4F16-AD1E-EAC5721947D9}"
EndProject
Project("{FAE04EC0-301F-11D3-BF4B-00C04F79EFBC}") = "02.Conditional-Statements", "02.Conditional-Statements\02.Conditional-Statements.csproj", "{DCBB8855-E3C7-49D6-928C-28B771999D0B}"
EndProject
Project("{FAE04EC0-301F-11D3-BF4B-00C04F79EFBC}") = "03.Loop-Statement", "03.Loop-Statement\03.Loop-Statement.csproj", "{C5B5C868-E952-463E-B921-EF0930E9B53D}"
EndProject
Global
	GlobalSection(SolutionConfigurationPlatforms) = preSolution
		Debug|Any CPU = Debug|Any CPU
		Release|Any CPU = Release|Any CPU
	EndGlobalSection
	GlobalSection(ProjectConfigurationPlatforms) = postSolution
		{66E1BB69-6381-4F16-AD1E-EAC5721947D9}.Debug|Any CPU.ActiveCfg = Debug|Any CPU
		{66E1BB69-6381-4F16-AD1E-EAC5721947D9}.Debug|Any CPU.Build.0 = Debug|Any CPU
		{66E1BB69-6381-4F16-AD1E-EAC5721947D9}.Release|Any CPU.ActiveCfg = Release|Any CPU
		{66E1BB69-6381-4F16-AD1E-EAC5721947D9}.Release|Any CPU.Build.0 = Release|Any CPU
		{DCBB8855-E3C7-49D6-928C-28B771999D0B}.Debug|Any CPU.ActiveCfg = Debug|Any CPU
		{DCBB8855-E3C7-49D6-928C-28B771999D0B}.Debug|Any CPU.Build.0 = Debug|Any CPU
		{DCBB8855-E3C7-49D6-928C-28B771999D0B}.Release|Any CPU.ActiveCfg = Release|Any CPU
		{DCBB8855-E3C7-49D6-928C-28B771999D0B}.Release|Any CPU.Build.0 = Release|Any CPU
		{C5B5C868-E952-463E-B921-EF0930E9B53D}.Debug|Any CPU.ActiveCfg = Debug|Any CPU
		{C5B5C868-E952-463E-B921-EF0930E9B53D}.Debug|Any CPU.Build.0 = Debug|Any CPU
		{C5B5C868-E952-463E-B921-EF0930E9B53D}.Release|Any CPU.ActiveCfg = Release|Any CPU
		{C5B5C868-E952-463E-B921-EF0930E9B53D}.Release|Any CPU.Build.0 = Release|Any CPU
	EndGlobalSection
	GlobalSection(SolutionProperties) = preSolution
		HideSolutionNode = FALSE
	EndGlobalSection
EndGlobal
